
Microsoft Visual Studio Solution File, Format Version 12.00
# Visual Studio 15
VisualStudioVersion = 15.0.26730.3
MinimumVisualStudioVersion = 10.0.40219.1
Project("{8BC9CEB8-8B4A-11D0-8D11-00A0C91BC942}") = "hooks", "source\hooks\hooks.vcxproj", "{948D0C09-EE11-4241-9286-D88C5B84DA36}"
EndProject
Project("{8BC9CEB8-8B4A-11D0-8D11-00A0C91BC942}") = "application", "source\application\application.vcxproj", "{DFDB93E5-7F86-432A-9986-B079B8463FDB}"
EndProject
Project("{2150E333-8FDC-42A3-9474-1A3956D46DE8}") = "tests", "tests", "{F52650AE-EBC0-451F-9D5D-E7AD66EDA0D3}"
EndProject
Project("{8BC9CEB8-8B4A-11D0-8D11-00A0C91BC942}") = "basic_timing", "source\tests\basic_timing\basic_timing.vcxproj", "{B97CCFBA-95DB-4448-BE89-C36258FD0089}"
EndProject
Project("{8BC9CEB8-8B4A-11D0-8D11-00A0C91BC942}") = "test_runner", "source\test_runner\test_runner.vcxproj", "{7248981E-1B7D-4B4E-9371-689928DD690F}"
EndProject
Project("{8BC9CEB8-8B4A-11D0-8D11-00A0C91BC942}") = "d3d9", "source\tests\d3d9\d3d9.vcxproj", "{FF9A520F-5DC4-498B-B6D7-6559E99AECF0}"
EndProject
Project("{8BC9CEB8-8B4A-11D0-8D11-00A0C91BC942}") = "d3d9ex", "source\tests\d3d9ex\d3d9ex.vcxproj", "{492C4678-17E4-4896-BBE7-27DC9E056DA2}"
EndProject
Project("{8BC9CEB8-8B4A-11D0-8D11-00A0C91BC942}") = "windows_input", "source\tests\windows_input\windows_input.vcxproj", "{DA95B213-EB59-410F-BAED-BB5F0ACDD822}"
EndProject
Global
	GlobalSection(SolutionConfigurationPlatforms) = preSolution
		Debug|Win32 = Debug|Win32
		Release|Win32 = Release|Win32
	EndGlobalSection
	GlobalSection(ProjectConfigurationPlatforms) = postSolution
		{948D0C09-EE11-4241-9286-D88C5B84DA36}.Debug|Win32.ActiveCfg = Debug|Win32
		{948D0C09-EE11-4241-9286-D88C5B84DA36}.Debug|Win32.Build.0 = Debug|Win32
		{948D0C09-EE11-4241-9286-D88C5B84DA36}.Release|Win32.ActiveCfg = Release|Win32
		{948D0C09-EE11-4241-9286-D88C5B84DA36}.Release|Win32.Build.0 = Release|Win32
		{DFDB93E5-7F86-432A-9986-B079B8463FDB}.Debug|Win32.ActiveCfg = Debug|Win32
		{DFDB93E5-7F86-432A-9986-B079B8463FDB}.Debug|Win32.Build.0 = Debug|Win32
		{DFDB93E5-7F86-432A-9986-B079B8463FDB}.Release|Win32.ActiveCfg = Release|Win32
		{DFDB93E5-7F86-432A-9986-B079B8463FDB}.Release|Win32.Build.0 = Release|Win32
		{B97CCFBA-95DB-4448-BE89-C36258FD0089}.Debug|Win32.ActiveCfg = Debug|Win32
		{B97CCFBA-95DB-4448-BE89-C36258FD0089}.Debug|Win32.Build.0 = Debug|Win32
		{B97CCFBA-95DB-4448-BE89-C36258FD0089}.Release|Win32.ActiveCfg = Release|Win32
		{B97CCFBA-95DB-4448-BE89-C36258FD0089}.Release|Win32.Build.0 = Release|Win32
		{7248981E-1B7D-4B4E-9371-689928DD690F}.Debug|Win32.ActiveCfg = Debug|Win32
		{7248981E-1B7D-4B4E-9371-689928DD690F}.Debug|Win32.Build.0 = Debug|Win32
		{7248981E-1B7D-4B4E-9371-689928DD690F}.Release|Win32.ActiveCfg = Release|Win32
		{7248981E-1B7D-4B4E-9371-689928DD690F}.Release|Win32.Build.0 = Release|Win32
		{FF9A520F-5DC4-498B-B6D7-6559E99AECF0}.Debug|Win32.ActiveCfg = Debug|Win32
		{FF9A520F-5DC4-498B-B6D7-6559E99AECF0}.Debug|Win32.Build.0 = Debug|Win32
		{FF9A520F-5DC4-498B-B6D7-6559E99AECF0}.Release|Win32.ActiveCfg = Release|Win32
		{FF9A520F-5DC4-498B-B6D7-6559E99AECF0}.Release|Win32.Build.0 = Release|Win32
		{492C4678-17E4-4896-BBE7-27DC9E056DA2}.Debug|Win32.ActiveCfg = Debug|Win32
		{492C4678-17E4-4896-BBE7-27DC9E056DA2}.Debug|Win32.Build.0 = Debug|Win32
		{492C4678-17E4-4896-BBE7-27DC9E056DA2}.Release|Win32.ActiveCfg = Release|Win32
		{492C4678-17E4-4896-BBE7-27DC9E056DA2}.Release|Win32.Build.0 = Release|Win32
		{DA95B213-EB59-410F-BAED-BB5F0ACDD822}.Debug|Win32.ActiveCfg = Debug|Win32
		{DA95B213-EB59-410F-BAED-BB5F0ACDD822}.Debug|Win32.Build.0 = Debug|Win32
		{DA95B213-EB59-410F-BAED-BB5F0ACDD822}.Release|Win32.ActiveCfg = Release|Win32
		{DA95B213-EB59-410F-BAED-BB5F0ACDD822}.Release|Win32.Build.0 = Release|Win32
	EndGlobalSection
	GlobalSection(SolutionProperties) = preSolution
		HideSolutionNode = FALSE
	EndGlobalSection
	GlobalSection(NestedProjects) = preSolution
		{B97CCFBA-95DB-4448-BE89-C36258FD0089} = {F52650AE-EBC0-451F-9D5D-E7AD66EDA0D3}
		{FF9A520F-5DC4-498B-B6D7-6559E99AECF0} = {F52650AE-EBC0-451F-9D5D-E7AD66EDA0D3}
		{492C4678-17E4-4896-BBE7-27DC9E056DA2} = {F52650AE-EBC0-451F-9D5D-E7AD66EDA0D3}
		{DA95B213-EB59-410F-BAED-BB5F0ACDD822} = {F52650AE-EBC0-451F-9D5D-E7AD66EDA0D3}
	EndGlobalSection
	GlobalSection(ExtensibilityGlobals) = postSolution
		SolutionGuid = {D0D822D0-E088-4C05-B0C0-97D4268D7752}
	EndGlobalSection
EndGlobal
