<?xml version="1.0" encoding="utf-8"?>
<Project ToolsVersion="4.0" xmlns="http://schemas.microsoft.com/developer/msbuild/2003">
  <ItemGroup>
    <Filter Include="Header Files">
      <UniqueIdentifier>{93995380-89BD-4b04-88EB-625FBE52EBFB}</UniqueIdentifier>
      <Extensions>h;hh;hpp;hxx;hm;inl;inc;xsd</Extensions>
    </Filter>
    <Filter Include="Source Files">
      <UniqueIdentifier>{c9f8dbac-0469-469e-ad80-2cd4662cc612}</UniqueIdentifier>
    </Filter>
    <Filter Include="Source Files\shared">
      <UniqueIdentifier>{d6bb41e6-b951-40f3-a306-dd473144365c}</UniqueIdentifier>
    </Filter>
    <Filter Include="Header Files\shared">
      <UniqueIdentifier>{631906bd-1158-48c7-b415-8b640a914662}</UniqueIdentifier>
    </Filter>
  </ItemGroup>
  <ItemGroup>
    <ClCompile Include="d3d9.cpp">
      <Filter>Source Files</Filter>
    </ClCompile>
    <ClCompile Include="stdafx.cpp">
      <Filter>Source Files</Filter>
    </ClCompile>
    <ClCompile Include="time_stats.cpp">
      <Filter>Source Files</Filter>
    </ClCompile>
    <ClCompile Include="d3d_stuff.cpp">
      <Filter>Source Files</Filter>
    </ClCompile>
    <ClCompile Include="..\shared\logger.cpp">
      <Filter>Source Files\shared</Filter>
    </ClCompile>
    <ClCompile Include="..\shared\timing.cpp">
      <Filter>Source Files\shared</Filter>
    </ClCompile>
  </ItemGroup>
  <ItemGroup>
    <ClInclude Include="time_stats.h">
      <Filter>Header Files</Filter>
    </ClInclude>
    <ClInclude Include="stdafx.h">
      <Filter>Header Files</Filter>
    </ClInclude>
    <ClInclude Include="d3d_stuff.h">
      <Filter>Header Files</Filter>
    </ClInclude>
    <ClInclude Include="..\shared\logger.h">
      <Filter>Header Files\shared</Filter>
    </ClInclude>
    <ClInclude Include="..\shared\timing.h">
      <Filter>Header Files\shared</Filter>
    </ClInclude>
  </ItemGroup>
</Project>