<?xml version="1.0" encoding="utf-8"?>
<Project ToolsVersion="4.0" xmlns="http://schemas.microsoft.com/developer/msbuild/2003">
  <ItemGroup>
    <Filter Include="Source Files">
      <UniqueIdentifier>{4FC737F1-C7A5-4376-A066-2A32D752A2FF}</UniqueIdentifier>
      <Extensions>cpp;c;cxx;def;odl;idl;hpj;bat;asm;asmx</Extensions>
    </Filter>
    <Filter Include="Source Files\trace">
      <UniqueIdentifier>{7db5e5dc-67a7-4186-9cd5-9b23d8f1490a}</UniqueIdentifier>
    </Filter>
    <Filter Include="Source Files\inject">
      <UniqueIdentifier>{848b6770-f704-45e4-a4c9-ce128028573d}</UniqueIdentifier>
    </Filter>
    <Filter Include="Source Files\shared">
      <UniqueIdentifier>{1c8f87bc-c3db-4164-8956-5d9b00548837}</UniqueIdentifier>
    </Filter>
    <Filter Include="Resource Files">
      <UniqueIdentifier>{67DA6AB6-F800-4c08-8B7A-83BB121AAD01}</UniqueIdentifier>
      <Extensions>rc;ico;cur;bmp;dlg;rc2;rct;bin;rgs;gif;jpg;jpeg;jpe;resx</Extensions>
    </Filter>
    <Filter Include="Source Files\GUI">
      <UniqueIdentifier>{32713b75-3e7a-4a28-aefb-b7215046ced9}</UniqueIdentifier>
    </Filter>
    <Filter Include="Source Files\AVIDumping">
      <UniqueIdentifier>{b06adc34-504b-4b14-80a4-e32cc54d948a}</UniqueIdentifier>
    </Filter>
    <Filter Include="Source Files\Utils\File">
      <UniqueIdentifier>{0fe41f72-a5c7-4674-8bb8-5943b0da3776}</UniqueIdentifier>
    </Filter>
    <Filter Include="Source Files\DbgHelp">
      <UniqueIdentifier>{598a903a-ef95-4faf-9d4b-de692f0eb375}</UniqueIdentifier>
    </Filter>
    <Filter Include="Source Files\Utils">
      <UniqueIdentifier>{73785f56-4309-4fed-b86c-ac56057f350b}</UniqueIdentifier>
    </Filter>
  </ItemGroup>
  <ItemGroup>
    <ClCompile Include="CustomDLGs.cpp">
      <Filter>Source Files</Filter>
    </ClCompile>
    <ClCompile Include="DirLocks.cpp">
      <Filter>Source Files</Filter>
    </ClCompile>
    <ClCompile Include="InjectDLL.cpp">
      <Filter>Source Files</Filter>
    </ClCompile>
    <ClCompile Include="logging.cpp">
      <Filter>Source Files</Filter>
    </ClCompile>
    <ClCompile Include="Movie.cpp">
      <Filter>Source Files</Filter>
    </ClCompile>
    <ClCompile Include="ramsearch.cpp">
      <Filter>Source Files</Filter>
    </ClCompile>
    <ClCompile Include="ramwatch.cpp">
      <Filter>Source Files</Filter>
    </ClCompile>
    <ClCompile Include="wintaser.cpp">
      <Filter>Source Files</Filter>
    </ClCompile>
    <ClCompile Include="trace\extendedtrace.cpp">
      <Filter>Source Files\trace</Filter>
    </ClCompile>
    <ClCompile Include="inject\iatmodifier.cpp">
      <Filter>Source Files\inject</Filter>
    </ClCompile>
    <ClCompile Include="inject\process.cpp">
      <Filter>Source Files\inject</Filter>
    </ClCompile>
    <ClCompile Include="InputCapture.cpp">
      <Filter>Source Files</Filter>
    </ClCompile>
    <ClCompile Include="Config.cpp">
      <Filter>Source Files</Filter>
    </ClCompile>
    <ClCompile Include="CPUinfo.cpp">
      <Filter>Source Files</Filter>
    </ClCompile>
    <ClCompile Include="ExeFileOperations.cpp">
      <Filter>Source Files</Filter>
    </ClCompile>
    <ClCompile Include="MD5Checksum.cpp">
      <Filter>Source Files</Filter>
    </ClCompile>
    <ClCompile Include="md5.cpp">
      <Filter>Source Files</Filter>
    </ClCompile>
    <ClCompile Include="GUI\DlgBase.cpp">
      <Filter>Source Files\GUI</Filter>
    </ClCompile>
    <ClCompile Include="GUI\Menu.cpp">
      <Filter>Source Files\GUI</Filter>
    </ClCompile>
    <ClCompile Include="MainMenu.cpp">
      <Filter>Source Files</Filter>
    </ClCompile>
    <ClCompile Include="AVIDumping\AudioConverterStream.cpp">
      <Filter>Source Files\AVIDumping</Filter>
    </ClCompile>
    <ClCompile Include="AVIDumping\AVIDumper.cpp">
      <Filter>Source Files\AVIDumping</Filter>
    </ClCompile>
    <ClCompile Include="AVIDumping\WaitableBool.cpp">
      <Filter>Source Files\AVIDumping</Filter>
    </ClCompile>
    <ClCompile Include="AVIDumping\WaveFormat.cpp">
      <Filter>Source Files\AVIDumping</Filter>
    </ClCompile>
    <ClCompile Include="Utils\File\FileDialog.cpp">
      <Filter>Source Files\Utils\File</Filter>
    </ClCompile>
    <ClCompile Include="Utils\File.h">
      <Filter>Source Files\Utils</Filter>
    </ClCompile>
    <ClCompile Include="DbgHelp\DbgHelpPrivate.cpp">
      <Filter>Source Files\DbgHelp</Filter>
    </ClCompile>
    <ClCompile Include="DbgHelp\DbgHelpStackWalkHelper.cpp">
      <Filter>Source Files\DbgHelp</Filter>
    </ClCompile>
    <ClCompile Include="DbgHelp\DbgHelp.cpp">
      <Filter>Source Files\DbgHelp</Filter>
    </ClCompile>
    <ClCompile Include="DbgHelp\DbgHelpLoadCallback.cpp">
      <Filter>Source Files\DbgHelp</Filter>
    </ClCompile>
    <ClCompile Include="Utils\File.cpp">
      <Filter>Source Files\Utils</Filter>
    </ClCompile>
    <ClCompile Include="DbgHelp\DbgHelpStackWalkCallback.cpp">
      <Filter>Source Files\DbgHelp</Filter>
    </ClCompile>
  </ItemGroup>
  <ItemGroup>
    <ClInclude Include="CustomDLGs.h">
      <Filter>Source Files</Filter>
    </ClInclude>
    <ClInclude Include="DirLocks.h">
      <Filter>Source Files</Filter>
    </ClInclude>
    <ClInclude Include="InjectDLL.h">
      <Filter>Source Files</Filter>
    </ClInclude>
    <ClInclude Include="logging.h">
      <Filter>Source Files</Filter>
    </ClInclude>
    <ClInclude Include="Movie.h">
      <Filter>Source Files</Filter>
    </ClInclude>
    <ClInclude Include="ramsearch.h">
      <Filter>Source Files</Filter>
    </ClInclude>
    <ClInclude Include="ramwatch.h">
      <Filter>Source Files</Filter>
    </ClInclude>
    <ClInclude Include="trace\extendedtrace.h">
      <Filter>Source Files\trace</Filter>
    </ClInclude>
    <ClInclude Include="inject\iatmodifier.h">
      <Filter>Source Files\inject</Filter>
    </ClInclude>
    <ClInclude Include="inject\process.h">
      <Filter>Source Files\inject</Filter>
    </ClInclude>
    <ClInclude Include="..\shared\asm.h">
      <Filter>Source Files\shared</Filter>
    </ClInclude>
    <ClInclude Include="..\shared\ipc.h">
      <Filter>Source Files\shared</Filter>
    </ClInclude>
    <ClInclude Include="..\shared\logcat.h">
      <Filter>Source Files\shared</Filter>
    </ClInclude>
    <ClInclude Include="..\shared\msg.h">
      <Filter>Source Files\shared</Filter>
    </ClInclude>
    <ClInclude Include="..\shared\version.h">
      <Filter>Source Files\shared</Filter>
    </ClInclude>
    <ClInclude Include="..\shared\winutil.h">
      <Filter>Source Files\shared</Filter>
    </ClInclude>
    <ClInclude Include="Resource.h">
      <Filter>Resource Files</Filter>
    </ClInclude>
    <ClInclude Include="Config.h">
      <Filter>Source Files</Filter>
    </ClInclude>
    <ClInclude Include="InputCapture.h">
      <Filter>Source Files</Filter>
    </ClInclude>
    <ClInclude Include="..\shared\input.h">
      <Filter>Source Files\shared</Filter>
    </ClInclude>
    <ClInclude Include="CPUinfo.h">
      <Filter>Source Files</Filter>
    </ClInclude>
    <ClInclude Include="ExeFileOperations.h">
      <Filter>Source Files</Filter>
    </ClInclude>
    <ClInclude Include="md5.h">
      <Filter>Source Files</Filter>
    </ClInclude>
    <ClInclude Include="MD5Checksum.h">
      <Filter>Source Files</Filter>
    </ClInclude>
    <ClInclude Include="GUI\DlgBase.h">
      <Filter>Source Files\GUI</Filter>
    </ClInclude>
    <ClInclude Include="GUI\Menu.h">
      <Filter>Source Files\GUI</Filter>
    </ClInclude>
    <ClInclude Include="MainMenu.h">
      <Filter>Source Files</Filter>
    </ClInclude>
    <ClInclude Include="AVIDumping\AudioConverterStream.h">
      <Filter>Source Files\AVIDumping</Filter>
    </ClInclude>
    <ClInclude Include="AVIDumping\AVIDumper.h">
      <Filter>Source Files\AVIDumping</Filter>
    </ClInclude>
    <ClInclude Include="AVIDumping\WaitableBool.h">
      <Filter>Source Files\AVIDumping</Filter>
    </ClInclude>
    <ClInclude Include="AVIDumping\WaveFormat.h">
      <Filter>Source Files\AVIDumping</Filter>
    </ClInclude>
    <ClInclude Include="DbgHelp\DbgHelpPrivate.h">
      <Filter>Source Files\DbgHelp</Filter>
    </ClInclude>
    <ClInclude Include="Utils\COM.h">
      <Filter>Source Files\Utils</Filter>
    </ClInclude>
    <ClInclude Include="DbgHelp\DbgHelpStackWalkHelper.h">
      <Filter>Source Files\DbgHelp</Filter>
    </ClInclude>
    <ClInclude Include="DbgHelp\DbgHelp.h">
      <Filter>Source Files\DbgHelp</Filter>
    </ClInclude>
    <ClInclude Include="DbgHelp\DbgHelpLoadCallback.h">
      <Filter>Source Files\DbgHelp</Filter>
    </ClInclude>
    <ClInclude Include="Utils\File.h">
      <Filter>Source Files\Utils</Filter>
    </ClInclude>
    <ClInclude Include="DbgHelp\DbgHelpTypes.h">
      <Filter>Source Files\DbgHelp</Filter>
    </ClInclude>
    <ClInclude Include="DbgHelp\IDbgHelpStackWalkCallback.h">
      <Filter>Source Files\DbgHelp</Filter>
    </ClInclude>
    <ClInclude Include="DbgHelp\DbgHelpStackWalkCallback.h">
      <Filter>Source Files\DbgHelp</Filter>
    </ClInclude>
    <ClInclude Include="DbgHelp\DiaEnumIterator.h">
      <Filter>Source Files\DbgHelp</Filter>
    </ClInclude>
  </ItemGroup>
  <ItemGroup>
    <ResourceCompile Include="wintaser.rc" />
  </ItemGroup>
  <ItemGroup>
    <None Include="wintaser.ico" />
  </ItemGroup>
</Project>
